// !$*UTF8*$!
{
	archiveVersion = 1;
	classes = {
	};
	objectVersion = 50;
	objects = {

/* Begin PBXBuildFile section */
		20BE0638993F620035DC8BC8 /* Pods_Trivia.framework in Frameworks */ = {isa = PBXBuildFile; fileRef = 1FC66E459E6D1672486B424F /* Pods_Trivia.framework */; };
		F3C5ED0821C7B844003575F0 /* RulesVC.swift in Sources */ = {isa = PBXBuildFile; fileRef = F3C5ED0721C7B844003575F0 /* RulesVC.swift */; };
		F3C710FC21BE59E400D2AC28 /* AppDelegate.swift in Sources */ = {isa = PBXBuildFile; fileRef = F3C710FB21BE59E400D2AC28 /* AppDelegate.swift */; };
		F3C710FE21BE59E400D2AC28 /* ViewController.swift in Sources */ = {isa = PBXBuildFile; fileRef = F3C710FD21BE59E400D2AC28 /* ViewController.swift */; };
		F3C7110121BE59E400D2AC28 /* Main.storyboard in Resources */ = {isa = PBXBuildFile; fileRef = F3C710FF21BE59E400D2AC28 /* Main.storyboard */; };
		F3C7110321BE59E600D2AC28 /* Assets.xcassets in Resources */ = {isa = PBXBuildFile; fileRef = F3C7110221BE59E600D2AC28 /* Assets.xcassets */; };
		F3C7110621BE59E600D2AC28 /* LaunchScreen.storyboard in Resources */ = {isa = PBXBuildFile; fileRef = F3C7110421BE59E600D2AC28 /* LaunchScreen.storyboard */; };
		F3C7110E21BE665900D2AC28 /* QuestionVC.swift in Sources */ = {isa = PBXBuildFile; fileRef = F3C7110D21BE665900D2AC28 /* QuestionVC.swift */; };
		F3C7111521BE78B400D2AC28 /* putin3.jpg in Resources */ = {isa = PBXBuildFile; fileRef = F3C7111121BE78B400D2AC28 /* putin3.jpg */; };
		F3C7111621BE78B400D2AC28 /* putin4.jpg in Resources */ = {isa = PBXBuildFile; fileRef = F3C7111221BE78B400D2AC28 /* putin4.jpg */; };
		F3C7111721BE78B400D2AC28 /* putin1.jpg in Resources */ = {isa = PBXBuildFile; fileRef = F3C7111321BE78B400D2AC28 /* putin1.jpg */; };
		F3C7111821BE78B400D2AC28 /* putin2.jpg in Resources */ = {isa = PBXBuildFile; fileRef = F3C7111421BE78B400D2AC28 /* putin2.jpg */; };
		F3C7111A21BE88D300D2AC28 /* QuestionStruct.swift in Sources */ = {isa = PBXBuildFile; fileRef = F3C7111921BE88D300D2AC28 /* QuestionStruct.swift */; };
		F3C7111C21BE89DA00D2AC28 /* LeaderboardVC.swift in Sources */ = {isa = PBXBuildFile; fileRef = F3C7111B21BE89DA00D2AC28 /* LeaderboardVC.swift */; };
		F3C7111E21BFF0F300D2AC28 /* kimmie.jpg in Resources */ = {isa = PBXBuildFile; fileRef = F3C7111D21BFF0F300D2AC28 /* kimmie.jpg */; };
		F3C7112021C012D200D2AC28 /* ResultsStruct.swift in Sources */ = {isa = PBXBuildFile; fileRef = F3C7111F21C012D200D2AC28 /* ResultsStruct.swift */; };
		F3C7112221C0FE8000D2AC28 /* Fetch.swift in Sources */ = {isa = PBXBuildFile; fileRef = F3C7112121C0FE7F00D2AC28 /* Fetch.swift */; };
/* End PBXBuildFile section */

/* Begin PBXFileReference section */
		084F3958192344459BD25E8E /* Pods-Trivia.debug.xcconfig */ = {isa = PBXFileReference; includeInIndex = 1; lastKnownFileType = text.xcconfig; name = "Pods-Trivia.debug.xcconfig"; path = "Pods/Target Support Files/Pods-Trivia/Pods-Trivia.debug.xcconfig"; sourceTree = "<group>"; };
		1FC66E459E6D1672486B424F /* Pods_Trivia.framework */ = {isa = PBXFileReference; explicitFileType = wrapper.framework; includeInIndex = 0; path = Pods_Trivia.framework; sourceTree = BUILT_PRODUCTS_DIR; };
		73E2258BE17D3013965A59C2 /* Pods-Trivia.release.xcconfig */ = {isa = PBXFileReference; includeInIndex = 1; lastKnownFileType = text.xcconfig; name = "Pods-Trivia.release.xcconfig"; path = "Pods/Target Support Files/Pods-Trivia/Pods-Trivia.release.xcconfig"; sourceTree = "<group>"; };
		F3C5ED0721C7B844003575F0 /* RulesVC.swift */ = {isa = PBXFileReference; lastKnownFileType = sourcecode.swift; path = RulesVC.swift; sourceTree = "<group>"; };
		F3C710F821BE59E400D2AC28 /* Trivia.app */ = {isa = PBXFileReference; explicitFileType = wrapper.application; includeInIndex = 0; path = Trivia.app; sourceTree = BUILT_PRODUCTS_DIR; };
		F3C710FB21BE59E400D2AC28 /* AppDelegate.swift */ = {isa = PBXFileReference; lastKnownFileType = sourcecode.swift; path = AppDelegate.swift; sourceTree = "<group>"; };
		F3C710FD21BE59E400D2AC28 /* ViewController.swift */ = {isa = PBXFileReference; lastKnownFileType = sourcecode.swift; path = ViewController.swift; sourceTree = "<group>"; };
		F3C7110021BE59E400D2AC28 /* Base */ = {isa = PBXFileReference; lastKnownFileType = file.storyboard; name = Base; path = Base.lproj/Main.storyboard; sourceTree = "<group>"; };
		F3C7110221BE59E600D2AC28 /* Assets.xcassets */ = {isa = PBXFileReference; lastKnownFileType = folder.assetcatalog; path = Assets.xcassets; sourceTree = "<group>"; };
		F3C7110521BE59E600D2AC28 /* Base */ = {isa = PBXFileReference; lastKnownFileType = file.storyboard; name = Base; path = Base.lproj/LaunchScreen.storyboard; sourceTree = "<group>"; };
		F3C7110721BE59E600D2AC28 /* Info.plist */ = {isa = PBXFileReference; lastKnownFileType = text.plist.xml; path = Info.plist; sourceTree = "<group>"; };
		F3C7110D21BE665900D2AC28 /* QuestionVC.swift */ = {isa = PBXFileReference; lastKnownFileType = sourcecode.swift; path = QuestionVC.swift; sourceTree = "<group>"; };
		F3C7111121BE78B400D2AC28 /* putin3.jpg */ = {isa = PBXFileReference; lastKnownFileType = image.jpeg; name = putin3.jpg; path = ../../../putin3.jpg; sourceTree = "<group>"; };
		F3C7111221BE78B400D2AC28 /* putin4.jpg */ = {isa = PBXFileReference; lastKnownFileType = image.jpeg; name = putin4.jpg; path = ../../../putin4.jpg; sourceTree = "<group>"; };
		F3C7111321BE78B400D2AC28 /* putin1.jpg */ = {isa = PBXFileReference; lastKnownFileType = image.jpeg; name = putin1.jpg; path = ../../../putin1.jpg; sourceTree = "<group>"; };
		F3C7111421BE78B400D2AC28 /* putin2.jpg */ = {isa = PBXFileReference; lastKnownFileType = image.jpeg; name = putin2.jpg; path = ../../../putin2.jpg; sourceTree = "<group>"; };
		F3C7111921BE88D300D2AC28 /* QuestionStruct.swift */ = {isa = PBXFileReference; lastKnownFileType = sourcecode.swift; path = QuestionStruct.swift; sourceTree = "<group>"; };
		F3C7111B21BE89DA00D2AC28 /* LeaderboardVC.swift */ = {isa = PBXFileReference; lastKnownFileType = sourcecode.swift; path = LeaderboardVC.swift; sourceTree = "<group>"; };
		F3C7111D21BFF0F300D2AC28 /* kimmie.jpg */ = {isa = PBXFileReference; lastKnownFileType = image.jpeg; name = kimmie.jpg; path = ../../../kimmie.jpg; sourceTree = "<group>"; };
		F3C7111F21C012D200D2AC28 /* ResultsStruct.swift */ = {isa = PBXFileReference; lastKnownFileType = sourcecode.swift; path = ResultsStruct.swift; sourceTree = "<group>"; };
		F3C7112121C0FE7F00D2AC28 /* Fetch.swift */ = {isa = PBXFileReference; lastKnownFileType = sourcecode.swift; path = Fetch.swift; sourceTree = "<group>"; };
/* End PBXFileReference section */

/* Begin PBXFrameworksBuildPhase section */
		F3C710F521BE59E400D2AC28 /* Frameworks */ = {
			isa = PBXFrameworksBuildPhase;
			buildActionMask = 2147483647;
			files = (
				20BE0638993F620035DC8BC8 /* Pods_Trivia.framework in Frameworks */,
			);
			runOnlyForDeploymentPostprocessing = 0;
		};
/* End PBXFrameworksBuildPhase section */

/* Begin PBXGroup section */
		291C23F776E3238C97B7B6A9 /* Pods */ = {
			isa = PBXGroup;
			children = (
				084F3958192344459BD25E8E /* Pods-Trivia.debug.xcconfig */,
				73E2258BE17D3013965A59C2 /* Pods-Trivia.release.xcconfig */,
			);
			name = Pods;
			sourceTree = "<group>";
		};
		C3BAA13629B08A5FC2467030 /* Frameworks */ = {
			isa = PBXGroup;
			children = (
				1FC66E459E6D1672486B424F /* Pods_Trivia.framework */,
			);
			name = Frameworks;
			sourceTree = "<group>";
		};
		F3C710EF21BE59E400D2AC28 = {
			isa = PBXGroup;
			children = (
				F3C710FA21BE59E400D2AC28 /* Trivia */,
				F3C710F921BE59E400D2AC28 /* Products */,
				291C23F776E3238C97B7B6A9 /* Pods */,
				C3BAA13629B08A5FC2467030 /* Frameworks */,
			);
			sourceTree = "<group>";
		};
		F3C710F921BE59E400D2AC28 /* Products */ = {
			isa = PBXGroup;
			children = (
				F3C710F821BE59E400D2AC28 /* Trivia.app */,
			);
			name = Products;
			sourceTree = "<group>";
		};
		F3C710FA21BE59E400D2AC28 /* Trivia */ = {
			isa = PBXGroup;
			children = (
				F3C710FB21BE59E400D2AC28 /* AppDelegate.swift */,
				F3C710FD21BE59E400D2AC28 /* ViewController.swift */,
				F3C7110D21BE665900D2AC28 /* QuestionVC.swift */,
				F3C7111B21BE89DA00D2AC28 /* LeaderboardVC.swift */,
				F3C5ED0721C7B844003575F0 /* RulesVC.swift */,
				F3C7111921BE88D300D2AC28 /* QuestionStruct.swift */,
				F3C7111F21C012D200D2AC28 /* ResultsStruct.swift */,
				F3C7112121C0FE7F00D2AC28 /* Fetch.swift */,
				F3C710FF21BE59E400D2AC28 /* Main.storyboard */,
				F3C7110221BE59E600D2AC28 /* Assets.xcassets */,
				F3C7110421BE59E600D2AC28 /* LaunchScreen.storyboard */,
				F3C7110721BE59E600D2AC28 /* Info.plist */,
				F3C7111321BE78B400D2AC28 /* putin1.jpg */,
				F3C7111421BE78B400D2AC28 /* putin2.jpg */,
				F3C7111121BE78B400D2AC28 /* putin3.jpg */,
				F3C7111221BE78B400D2AC28 /* putin4.jpg */,
				F3C7111D21BFF0F300D2AC28 /* kimmie.jpg */,
			);
			path = Trivia;
			sourceTree = "<group>";
		};
/* End PBXGroup section */

/* Begin PBXNativeTarget section */
		F3C710F721BE59E400D2AC28 /* Trivia */ = {
			isa = PBXNativeTarget;
			buildConfigurationList = F3C7110A21BE59E600D2AC28 /* Build configuration list for PBXNativeTarget "Trivia" */;
			buildPhases = (
				97AEE17619EB4CB519DE98D0 /* [CP] Check Pods Manifest.lock */,
				F3C710F421BE59E400D2AC28 /* Sources */,
				F3C710F521BE59E400D2AC28 /* Frameworks */,
				F3C710F621BE59E400D2AC28 /* Resources */,
				6AF977776CAD7A49CC9ECC8D /* [CP] Embed Pods Frameworks */,
			);
			buildRules = (
			);
			dependencies = (
			);
			name = Trivia;
			productName = Trivia;
			productReference = F3C710F821BE59E400D2AC28 /* Trivia.app */;
			productType = "com.apple.product-type.application";
		};
/* End PBXNativeTarget section */

/* Begin PBXProject section */
		F3C710F021BE59E400D2AC28 /* Project object */ = {
			isa = PBXProject;
			attributes = {
				LastSwiftUpdateCheck = 1000;
				LastUpgradeCheck = 1000;
				ORGANIZATIONNAME = "Brian van de Velde";
				TargetAttributes = {
					F3C710F721BE59E400D2AC28 = {
						CreatedOnToolsVersion = 10.0;
					};
				};
			};
			buildConfigurationList = F3C710F321BE59E400D2AC28 /* Build configuration list for PBXProject "Trivia" */;
			compatibilityVersion = "Xcode 9.3";
			developmentRegion = en;
			hasScannedForEncodings = 0;
			knownRegions = (
				en,
				Base,
			);
			mainGroup = F3C710EF21BE59E400D2AC28;
			productRefGroup = F3C710F921BE59E400D2AC28 /* Products */;
			projectDirPath = "";
			projectRoot = "";
			targets = (
				F3C710F721BE59E400D2AC28 /* Trivia */,
			);
		};
/* End PBXProject section */

/* Begin PBXResourcesBuildPhase section */
		F3C710F621BE59E400D2AC28 /* Resources */ = {
			isa = PBXResourcesBuildPhase;
			buildActionMask = 2147483647;
			files = (
				F3C7111521BE78B400D2AC28 /* putin3.jpg in Resources */,
				F3C7110621BE59E600D2AC28 /* LaunchScreen.storyboard in Resources */,
				F3C7111621BE78B400D2AC28 /* putin4.jpg in Resources */,
				F3C7110321BE59E600D2AC28 /* Assets.xcassets in Resources */,
				F3C7111721BE78B400D2AC28 /* putin1.jpg in Resources */,
				F3C7111E21BFF0F300D2AC28 /* kimmie.jpg in Resources */,
				F3C7110121BE59E400D2AC28 /* Main.storyboard in Resources */,
				F3C7111821BE78B400D2AC28 /* putin2.jpg in Resources */,
			);
			runOnlyForDeploymentPostprocessing = 0;
		};
/* End PBXResourcesBuildPhase section */

/* Begin PBXShellScriptBuildPhase section */
		6AF977776CAD7A49CC9ECC8D /* [CP] Embed Pods Frameworks */ = {
			isa = PBXShellScriptBuildPhase;
			buildActionMask = 2147483647;
			files = (
			);
			inputFileListPaths = (
			);
			inputPaths = (
				"${SRCROOT}/Pods/Target Support Files/Pods-Trivia/Pods-Trivia-frameworks.sh",
				"${BUILT_PRODUCTS_DIR}/HTMLString/HTMLString.framework",
			);
			name = "[CP] Embed Pods Frameworks";
			outputFileListPaths = (
			);
			outputPaths = (
				"${TARGET_BUILD_DIR}/${FRAMEWORKS_FOLDER_PATH}/HTMLString.framework",
			);
			runOnlyForDeploymentPostprocessing = 0;
			shellPath = /bin/sh;
			shellScript = "\"${SRCROOT}/Pods/Target Support Files/Pods-Trivia/Pods-Trivia-frameworks.sh\"\n";
			showEnvVarsInLog = 0;
		};
		97AEE17619EB4CB519DE98D0 /* [CP] Check Pods Manifest.lock */ = {
			isa = PBXShellScriptBuildPhase;
			buildActionMask = 2147483647;
			files = (
			);
			inputFileListPaths = (
			);
			inputPaths = (
				"${PODS_PODFILE_DIR_PATH}/Podfile.lock",
				"${PODS_ROOT}/Manifest.lock",
			);
			name = "[CP] Check Pods Manifest.lock";
			outputFileListPaths = (
			);
			outputPaths = (
				"$(DERIVED_FILE_DIR)/Pods-Trivia-checkManifestLockResult.txt",
			);
			runOnlyForDeploymentPostprocessing = 0;
			shellPath = /bin/sh;
			shellScript = "diff \"${PODS_PODFILE_DIR_PATH}/Podfile.lock\" \"${PODS_ROOT}/Manifest.lock\" > /dev/null\nif [ $? != 0 ] ; then\n    # print error to STDERR\n    echo \"error: The sandbox is not in sync with the Podfile.lock. Run 'pod install' or update your CocoaPods installation.\" >&2\n    exit 1\nfi\n# This output is used by Xcode 'outputs' to avoid re-running this script phase.\necho \"SUCCESS\" > \"${SCRIPT_OUTPUT_FILE_0}\"\n";
			showEnvVarsInLog = 0;
		};
/* End PBXShellScriptBuildPhase section */

/* Begin PBXSourcesBuildPhase section */
		F3C710F421BE59E400D2AC28 /* Sources */ = {
			isa = PBXSourcesBuildPhase;
			buildActionMask = 2147483647;
			files = (
				F3C7111A21BE88D300D2AC28 /* QuestionStruct.swift in Sources */,
				F3C710FE21BE59E400D2AC28 /* ViewController.swift in Sources */,
				F3C7110E21BE665900D2AC28 /* QuestionVC.swift in Sources */,
				F3C7112221C0FE8000D2AC28 /* Fetch.swift in Sources */,
				F3C5ED0821C7B844003575F0 /* RulesVC.swift in Sources */,
				F3C7112021C012D200D2AC28 /* ResultsStruct.swift in Sources */,
				F3C710FC21BE59E400D2AC28 /* AppDelegate.swift in Sources */,
				F3C7111C21BE89DA00D2AC28 /* LeaderboardVC.swift in Sources */,
			);
			runOnlyForDeploymentPostprocessing = 0;
		};
/* End PBXSourcesBuildPhase section */

/* Begin PBXVariantGroup section */
		F3C710FF21BE59E400D2AC28 /* Main.storyboard */ = {
			isa = PBXVariantGroup;
			children = (
				F3C7110021BE59E400D2AC28 /* Base */,
			);
			name = Main.storyboard;
			sourceTree = "<group>";
		};
		F3C7110421BE59E600D2AC28 /* LaunchScreen.storyboard */ = {
			isa = PBXVariantGroup;
			children = (
				F3C7110521BE59E600D2AC28 /* Base */,
			);
			name = LaunchScreen.storyboard;
			sourceTree = "<group>";
		};
/* End PBXVariantGroup section */

/* Begin XCBuildConfiguration section */
		F3C7110821BE59E600D2AC28 /* Debug */ = {
			isa = XCBuildConfiguration;
			buildSettings = {
				ALWAYS_SEARCH_USER_PATHS = NO;
				CLANG_ANALYZER_NONNULL = YES;
				CLANG_ANALYZER_NUMBER_OBJECT_CONVERSION = YES_AGGRESSIVE;
				CLANG_CXX_LANGUAGE_STANDARD = "gnu++14";
				CLANG_CXX_LIBRARY = "libc++";
				CLANG_ENABLE_MODULES = YES;
				CLANG_ENABLE_OBJC_ARC = YES;
				CLANG_ENABLE_OBJC_WEAK = YES;
				CLANG_WARN_BLOCK_CAPTURE_AUTORELEASING = YES;
				CLANG_WARN_BOOL_CONVERSION = YES;
				CLANG_WARN_COMMA = YES;
				CLANG_WARN_CONSTANT_CONVERSION = YES;
				CLANG_WARN_DEPRECATED_OBJC_IMPLEMENTATIONS = YES;
				CLANG_WARN_DIRECT_OBJC_ISA_USAGE = YES_ERROR;
				CLANG_WARN_DOCUMENTATION_COMMENTS = YES;
				CLANG_WARN_EMPTY_BODY = YES;
				CLANG_WARN_ENUM_CONVERSION = YES;
				CLANG_WARN_INFINITE_RECURSION = YES;
				CLANG_WARN_INT_CONVERSION = YES;
				CLANG_WARN_NON_LITERAL_NULL_CONVERSION = YES;
				CLANG_WARN_OBJC_IMPLICIT_RETAIN_SELF = YES;
				CLANG_WARN_OBJC_LITERAL_CONVERSION = YES;
				CLANG_WARN_OBJC_ROOT_CLASS = YES_ERROR;
				CLANG_WARN_RANGE_LOOP_ANALYSIS = YES;
				CLANG_WARN_STRICT_PROTOTYPES = YES;
				CLANG_WARN_SUSPICIOUS_MOVE = YES;
				CLANG_WARN_UNGUARDED_AVAILABILITY = YES_AGGRESSIVE;
				CLANG_WARN_UNREACHABLE_CODE = YES;
				CLANG_WARN__DUPLICATE_METHOD_MATCH = YES;
				CODE_SIGN_IDENTITY = "iPhone Developer";
				COPY_PHASE_STRIP = NO;
				DEBUG_INFORMATION_FORMAT = dwarf;
				ENABLE_STRICT_OBJC_MSGSEND = YES;
				ENABLE_TESTABILITY = YES;
				GCC_C_LANGUAGE_STANDARD = gnu11;
				GCC_DYNAMIC_NO_PIC = NO;
				GCC_NO_COMMON_BLOCKS = YES;
				GCC_OPTIMIZATION_LEVEL = 0;
				GCC_PREPROCESSOR_DEFINITIONS = (
					"DEBUG=1",
					"$(inherited)",
				);
				GCC_WARN_64_TO_32_BIT_CONVERSION = YES;
				GCC_WARN_ABOUT_RETURN_TYPE = YES_ERROR;
				GCC_WARN_UNDECLARED_SELECTOR = YES;
				GCC_WARN_UNINITIALIZED_AUTOS = YES_AGGRESSIVE;
				GCC_WARN_UNUSED_FUNCTION = YES;
				GCC_WARN_UNUSED_VARIABLE = YES;
				IPHONEOS_DEPLOYMENT_TARGET = 12.0;
				MTL_ENABLE_DEBUG_INFO = INCLUDE_SOURCE;
				MTL_FAST_MATH = YES;
				ONLY_ACTIVE_ARCH = YES;
				SDKROOT = iphoneos;
				SWIFT_ACTIVE_COMPILATION_CONDITIONS = DEBUG;
				SWIFT_OPTIMIZATION_LEVEL = "-Onone";
			};
			name = Debug;
		};
		F3C7110921BE59E600D2AC28 /* Release */ = {
			isa = XCBuildConfiguration;
			buildSettings = {
				ALWAYS_SEARCH_USER_PATHS = NO;
				CLANG_ANALYZER_NONNULL = YES;
				CLANG_ANALYZER_NUMBER_OBJECT_CONVERSION = YES_AGGRESSIVE;
				CLANG_CXX_LANGUAGE_STANDARD = "gnu++14";
				CLANG_CXX_LIBRARY = "libc++";
				CLANG_ENABLE_MODULES = YES;
				CLANG_ENABLE_OBJC_ARC = YES;
				CLANG_ENABLE_OBJC_WEAK = YES;
				CLANG_WARN_BLOCK_CAPTURE_AUTORELEASING = YES;
				CLANG_WARN_BOOL_CONVERSION = YES;
				CLANG_WARN_COMMA = YES;
				CLANG_WARN_CONSTANT_CONVERSION = YES;
				CLANG_WARN_DEPRECATED_OBJC_IMPLEMENTATIONS = YES;
				CLANG_WARN_DIRECT_OBJC_ISA_USAGE = YES_ERROR;
				CLANG_WARN_DOCUMENTATION_COMMENTS = YES;
				CLANG_WARN_EMPTY_BODY = YES;
				CLANG_WARN_ENUM_CONVERSION = YES;
				CLANG_WARN_INFINITE_RECURSION = YES;
				CLANG_WARN_INT_CONVERSION = YES;
				CLANG_WARN_NON_LITERAL_NULL_CONVERSION = YES;
				CLANG_WARN_OBJC_IMPLICIT_RETAIN_SELF = YES;
				CLANG_WARN_OBJC_LITERAL_CONVERSION = YES;
				CLANG_WARN_OBJC_ROOT_CLASS = YES_ERROR;
				CLANG_WARN_RANGE_LOOP_ANALYSIS = YES;
				CLANG_WARN_STRICT_PROTOTYPES = YES;
				CLANG_WARN_SUSPICIOUS_MOVE = YES;
				CLANG_WARN_UNGUARDED_AVAILABILITY = YES_AGGRESSIVE;
				CLANG_WARN_UNREACHABLE_CODE = YES;
				CLANG_WARN__DUPLICATE_METHOD_MATCH = YES;
				CODE_SIGN_IDENTITY = "iPhone Developer";
				COPY_PHASE_STRIP = NO;
				DEBUG_INFORMATION_FORMAT = "dwarf-with-dsym";
				ENABLE_NS_ASSERTIONS = NO;
				ENABLE_STRICT_OBJC_MSGSEND = YES;
				GCC_C_LANGUAGE_STANDARD = gnu11;
				GCC_NO_COMMON_BLOCKS = YES;
				GCC_WARN_64_TO_32_BIT_CONVERSION = YES;
				GCC_WARN_ABOUT_RETURN_TYPE = YES_ERROR;
				GCC_WARN_UNDECLARED_SELECTOR = YES;
				GCC_WARN_UNINITIALIZED_AUTOS = YES_AGGRESSIVE;
				GCC_WARN_UNUSED_FUNCTION = YES;
				GCC_WARN_UNUSED_VARIABLE = YES;
				IPHONEOS_DEPLOYMENT_TARGET = 12.0;
				MTL_ENABLE_DEBUG_INFO = NO;
				MTL_FAST_MATH = YES;
				SDKROOT = iphoneos;
				SWIFT_COMPILATION_MODE = wholemodule;
				SWIFT_OPTIMIZATION_LEVEL = "-O";
				VALIDATE_PRODUCT = YES;
			};
			name = Release;
		};
		F3C7110B21BE59E600D2AC28 /* Debug */ = {
			isa = XCBuildConfiguration;
			baseConfigurationReference = 084F3958192344459BD25E8E /* Pods-Trivia.debug.xcconfig */;
			buildSettings = {
				ASSETCATALOG_COMPILER_APPICON_NAME = AppIcon;
				CODE_SIGN_STYLE = Automatic;
				INFOPLIST_FILE = Trivia/Info.plist;
				LD_RUNPATH_SEARCH_PATHS = (
					"$(inherited)",
					"@executable_path/Frameworks",
				);
				PRODUCT_BUNDLE_IDENTIFIER = com.example.Trivia;
				PRODUCT_NAME = "$(TARGET_NAME)";
				SWIFT_VERSION = 4.2;
				TARGETED_DEVICE_FAMILY = "1,2";
			};
			name = Debug;
		};
		F3C7110C21BE59E600D2AC28 /* Release */ = {
			isa = XCBuildConfiguration;
			baseConfigurationReference = 73E2258BE17D3013965A59C2 /* Pods-Trivia.release.xcconfig */;
			buildSettings = {
				ASSETCATALOG_COMPILER_APPICON_NAME = AppIcon;
				CODE_SIGN_STYLE = Automatic;
				INFOPLIST_FILE = Trivia/Info.plist;
				LD_RUNPATH_SEARCH_PATHS = (
					"$(inherited)",
					"@executable_path/Frameworks",
				);
				PRODUCT_BUNDLE_IDENTIFIER = com.example.Trivia;
				PRODUCT_NAME = "$(TARGET_NAME)";
				SWIFT_VERSION = 4.2;
				TARGETED_DEVICE_FAMILY = "1,2";
			};
			name = Release;
		};
/* End XCBuildConfiguration section */

/* Begin XCConfigurationList section */
		F3C710F321BE59E400D2AC28 /* Build configuration list for PBXProject "Trivia" */ = {
			isa = XCConfigurationList;
			buildConfigurations = (
				F3C7110821BE59E600D2AC28 /* Debug */,
				F3C7110921BE59E600D2AC28 /* Release */,
			);
			defaultConfigurationIsVisible = 0;
			defaultConfigurationName = Release;
		};
		F3C7110A21BE59E600D2AC28 /* Build configuration list for PBXNativeTarget "Trivia" */ = {
			isa = XCConfigurationList;
			buildConfigurations = (
				F3C7110B21BE59E600D2AC28 /* Debug */,
				F3C7110C21BE59E600D2AC28 /* Release */,
			);
			defaultConfigurationIsVisible = 0;
			defaultConfigurationName = Release;
		};
/* End XCConfigurationList section */
	};
	rootObject = F3C710F021BE59E400D2AC28 /* Project object */;
}
